
Microsoft Visual Studio Solution File, Format Version 12.00
# Visual Studio Version 16
VisualStudioVersion = 16.0.29326.143
MinimumVisualStudioVersion = 15.0.26124.0
Project("{2150E333-8FDC-42A3-9474-1A3956D46DE8}") = "src", "src", "{8EA5EBF0-41C6-11EA-890A-ED68CBADDC1F}"
EndProject
Project("{2150E333-8FDC-42A3-9474-1A3956D46DE8}") = "Modules", "Modules", "{8BEC45F6-4F23-4994-9959-50C1DB93ABC3}"
	ProjectSection(SolutionItems) = preProject
		src\Modules\Directory.Build.props = src\Modules\Directory.Build.props
		src\Modules\Directory.Build.targets = src\Modules\Directory.Build.targets
	EndProjectSection
EndProject
Project("{9A19103F-16F7-4668-BE54-9A1E7A4F7556}") = "StatCan.OrchardCore.Scripting", "src\Modules\StatCan.OrchardCore.Scripting\StatCan.OrchardCore.Scripting.csproj", "{F95F1469-74AD-49EF-8A13-7A82973EEBF4}"
EndProject
Project("{9A19103F-16F7-4668-BE54-9A1E7A4F7556}") = "StatCan.OrchardCore.DisplayHelpers", "src\Modules\StatCan.OrchardCore.DisplayHelpers\StatCan.OrchardCore.DisplayHelpers.csproj", "{A4D355D4-BD24-4B9A-BAAA-D5FDB7FE07E9}"
EndProject
Project("{9A19103F-16F7-4668-BE54-9A1E7A4F7556}") = "StatCan.OrchardCore.Workflows", "src\Modules\StatCan.OrchardCore.Workflows\StatCan.OrchardCore.Workflows.csproj", "{033AF490-0799-415F-9E4B-21AAB979097F}"
EndProject
Project("{2150E333-8FDC-42A3-9474-1A3956D46DE8}") = "Lib", "Lib", "{5E638520-41E8-11EA-885A-BDD3BB7B4F92}"
	ProjectSection(SolutionItems) = preProject
		src\Lib\Directory.Build.props = src\Lib\Directory.Build.props
		src\Lib\Directory.Build.targets = src\Lib\Directory.Build.targets
	EndProjectSection
EndProject
Project("{9A19103F-16F7-4668-BE54-9A1E7A4F7556}") = "StatCan.OrchardCore.Application.Targets", "src\Lib\StatCan.OrchardCore.Application.Targets\StatCan.OrchardCore.Application.Targets.csproj", "{8437F95F-4BD9-4192-B001-92062DAD5838}"
EndProject
Project("{9A19103F-16F7-4668-BE54-9A1E7A4F7556}") = "StatCan.OrchardCore.Security", "src\Lib\StatCan.OrchardCore.Security\StatCan.OrchardCore.Security.csproj", "{7A6060C5-BE9E-4013-9DAD-A8139046DBE8}"
EndProject
Project("{9A19103F-16F7-4668-BE54-9A1E7A4F7556}") = "StatCan.OrchardCore.Cms.Web", "src\StatCan.OrchardCore.Cms.Web\StatCan.OrchardCore.Cms.Web.csproj", "{22371B19-6C38-4510-95B9-A0CFB421B348}"
EndProject
Project("{2150E333-8FDC-42A3-9474-1A3956D46DE8}") = "Themes", "Themes", "{F0F2F6E0-792F-11EA-A2A9-59BF4ACC057A}"
	ProjectSection(SolutionItems) = preProject
		src\Themes\Directory.Build.props = src\Themes\Directory.Build.props
		src\Themes\Directory.Build.targets = src\Themes\Directory.Build.targets
	EndProjectSection
EndProject
Project("{9A19103F-16F7-4668-BE54-9A1E7A4F7556}") = "PortalTheme", "src\Themes\PortalTheme\PortalTheme.csproj", "{3203E5AC-45AC-4E88-84B7-B1596C82A917}"
EndProject
Project("{2150E333-8FDC-42A3-9474-1A3956D46DE8}") = "Build", "Build", "{8F9F4565-2F22-4640-A56D-698C87D80974}"
	ProjectSection(SolutionItems) = preProject
		src\Build\Dependencies.props = src\Build\Dependencies.props
		nuget.config = nuget.config
		src\Build\StatCan.OrchardCore.Commons.props = src\Build\StatCan.OrchardCore.Commons.props
		src\Build\StatCan.OrchardCore.Commons.targets = src\Build\StatCan.OrchardCore.Commons.targets
	EndProjectSection
EndProject
Project("{9A19103F-16F7-4668-BE54-9A1E7A4F7556}") = "Etch.OrchardCore.ContentPermissions", "src\Modules\Etch.OrchardCore.ContentPermissions\Etch.OrchardCore.ContentPermissions.csproj", "{AA70636F-EC9C-409C-A956-977F98EB1364}"
EndProject
Project("{9A19103F-16F7-4668-BE54-9A1E7A4F7556}") = "StatCan.OrchardCore.GitHub", "src\Modules\StatCan.OrchardCore.GitHub\StatCan.OrchardCore.GitHub.csproj", "{7B043B49-A25D-43CF-9B38-178780258A8A}"
EndProject
Project("{9A19103F-16F7-4668-BE54-9A1E7A4F7556}") = "StatCan.OrchardCore.Matomo", "src\Modules\StatCan.OrchardCore.Matomo\StatCan.OrchardCore.Matomo.csproj", "{F1700546-6CB2-4623-AA82-5C4A369CFD00}"
EndProject
Project("{9A19103F-16F7-4668-BE54-9A1E7A4F7556}") = "DigitalAdmin", "src\Themes\DigitalAdmin\DigitalAdmin.csproj", "{3DD47728-546B-4CFD-9290-7877F404394B}"
EndProject
Project("{9A19103F-16F7-4668-BE54-9A1E7A4F7556}") = "StatCan.OrchardCore.ContentFields", "src\Modules\StatCan.OrchardCore.ContentFields\StatCan.OrchardCore.ContentFields.csproj", "{40F3567C-0BB7-4DF0-A80A-E6CF8431D624}"
EndProject
Global
	GlobalSection(SolutionConfigurationPlatforms) = preSolution
		Debug|Any CPU = Debug|Any CPU
		Debug|x64 = Debug|x64
		Debug|x86 = Debug|x86
		Release|Any CPU = Release|Any CPU
		Release|x64 = Release|x64
		Release|x86 = Release|x86
	EndGlobalSection
	GlobalSection(ProjectConfigurationPlatforms) = postSolution
		{F95F1469-74AD-49EF-8A13-7A82973EEBF4}.Debug|Any CPU.ActiveCfg = Debug|Any CPU
		{F95F1469-74AD-49EF-8A13-7A82973EEBF4}.Debug|Any CPU.Build.0 = Debug|Any CPU
		{F95F1469-74AD-49EF-8A13-7A82973EEBF4}.Debug|x64.ActiveCfg = Debug|Any CPU
		{F95F1469-74AD-49EF-8A13-7A82973EEBF4}.Debug|x64.Build.0 = Debug|Any CPU
		{F95F1469-74AD-49EF-8A13-7A82973EEBF4}.Debug|x86.ActiveCfg = Debug|Any CPU
		{F95F1469-74AD-49EF-8A13-7A82973EEBF4}.Debug|x86.Build.0 = Debug|Any CPU
		{F95F1469-74AD-49EF-8A13-7A82973EEBF4}.Release|Any CPU.ActiveCfg = Release|Any CPU
		{F95F1469-74AD-49EF-8A13-7A82973EEBF4}.Release|Any CPU.Build.0 = Release|Any CPU
		{F95F1469-74AD-49EF-8A13-7A82973EEBF4}.Release|x64.ActiveCfg = Release|Any CPU
		{F95F1469-74AD-49EF-8A13-7A82973EEBF4}.Release|x64.Build.0 = Release|Any CPU
		{F95F1469-74AD-49EF-8A13-7A82973EEBF4}.Release|x86.ActiveCfg = Release|Any CPU
		{F95F1469-74AD-49EF-8A13-7A82973EEBF4}.Release|x86.Build.0 = Release|Any CPU
		{A4D355D4-BD24-4B9A-BAAA-D5FDB7FE07E9}.Debug|Any CPU.ActiveCfg = Debug|Any CPU
		{A4D355D4-BD24-4B9A-BAAA-D5FDB7FE07E9}.Debug|Any CPU.Build.0 = Debug|Any CPU
		{A4D355D4-BD24-4B9A-BAAA-D5FDB7FE07E9}.Debug|x64.ActiveCfg = Debug|Any CPU
		{A4D355D4-BD24-4B9A-BAAA-D5FDB7FE07E9}.Debug|x64.Build.0 = Debug|Any CPU
		{A4D355D4-BD24-4B9A-BAAA-D5FDB7FE07E9}.Debug|x86.ActiveCfg = Debug|Any CPU
		{A4D355D4-BD24-4B9A-BAAA-D5FDB7FE07E9}.Debug|x86.Build.0 = Debug|Any CPU
		{A4D355D4-BD24-4B9A-BAAA-D5FDB7FE07E9}.Release|Any CPU.ActiveCfg = Release|Any CPU
		{A4D355D4-BD24-4B9A-BAAA-D5FDB7FE07E9}.Release|Any CPU.Build.0 = Release|Any CPU
		{A4D355D4-BD24-4B9A-BAAA-D5FDB7FE07E9}.Release|x64.ActiveCfg = Release|Any CPU
		{A4D355D4-BD24-4B9A-BAAA-D5FDB7FE07E9}.Release|x64.Build.0 = Release|Any CPU
		{A4D355D4-BD24-4B9A-BAAA-D5FDB7FE07E9}.Release|x86.ActiveCfg = Release|Any CPU
		{A4D355D4-BD24-4B9A-BAAA-D5FDB7FE07E9}.Release|x86.Build.0 = Release|Any CPU
		{033AF490-0799-415F-9E4B-21AAB979097F}.Debug|Any CPU.ActiveCfg = Debug|Any CPU
		{033AF490-0799-415F-9E4B-21AAB979097F}.Debug|Any CPU.Build.0 = Debug|Any CPU
		{033AF490-0799-415F-9E4B-21AAB979097F}.Debug|x64.ActiveCfg = Debug|Any CPU
		{033AF490-0799-415F-9E4B-21AAB979097F}.Debug|x64.Build.0 = Debug|Any CPU
		{033AF490-0799-415F-9E4B-21AAB979097F}.Debug|x86.ActiveCfg = Debug|Any CPU
		{033AF490-0799-415F-9E4B-21AAB979097F}.Debug|x86.Build.0 = Debug|Any CPU
		{033AF490-0799-415F-9E4B-21AAB979097F}.Release|Any CPU.ActiveCfg = Release|Any CPU
		{033AF490-0799-415F-9E4B-21AAB979097F}.Release|Any CPU.Build.0 = Release|Any CPU
		{033AF490-0799-415F-9E4B-21AAB979097F}.Release|x64.ActiveCfg = Release|Any CPU
		{033AF490-0799-415F-9E4B-21AAB979097F}.Release|x64.Build.0 = Release|Any CPU
		{033AF490-0799-415F-9E4B-21AAB979097F}.Release|x86.ActiveCfg = Release|Any CPU
		{033AF490-0799-415F-9E4B-21AAB979097F}.Release|x86.Build.0 = Release|Any CPU
		{8437F95F-4BD9-4192-B001-92062DAD5838}.Debug|Any CPU.ActiveCfg = Debug|Any CPU
		{8437F95F-4BD9-4192-B001-92062DAD5838}.Debug|Any CPU.Build.0 = Debug|Any CPU
		{8437F95F-4BD9-4192-B001-92062DAD5838}.Debug|x64.ActiveCfg = Debug|Any CPU
		{8437F95F-4BD9-4192-B001-92062DAD5838}.Debug|x64.Build.0 = Debug|Any CPU
		{8437F95F-4BD9-4192-B001-92062DAD5838}.Debug|x86.ActiveCfg = Debug|Any CPU
		{8437F95F-4BD9-4192-B001-92062DAD5838}.Debug|x86.Build.0 = Debug|Any CPU
		{8437F95F-4BD9-4192-B001-92062DAD5838}.Release|Any CPU.ActiveCfg = Release|Any CPU
		{8437F95F-4BD9-4192-B001-92062DAD5838}.Release|Any CPU.Build.0 = Release|Any CPU
		{8437F95F-4BD9-4192-B001-92062DAD5838}.Release|x64.ActiveCfg = Release|Any CPU
		{8437F95F-4BD9-4192-B001-92062DAD5838}.Release|x64.Build.0 = Release|Any CPU
		{8437F95F-4BD9-4192-B001-92062DAD5838}.Release|x86.ActiveCfg = Release|Any CPU
		{8437F95F-4BD9-4192-B001-92062DAD5838}.Release|x86.Build.0 = Release|Any CPU
		{7A6060C5-BE9E-4013-9DAD-A8139046DBE8}.Debug|Any CPU.ActiveCfg = Debug|Any CPU
		{7A6060C5-BE9E-4013-9DAD-A8139046DBE8}.Debug|Any CPU.Build.0 = Debug|Any CPU
		{7A6060C5-BE9E-4013-9DAD-A8139046DBE8}.Debug|x64.ActiveCfg = Debug|Any CPU
		{7A6060C5-BE9E-4013-9DAD-A8139046DBE8}.Debug|x64.Build.0 = Debug|Any CPU
		{7A6060C5-BE9E-4013-9DAD-A8139046DBE8}.Debug|x86.ActiveCfg = Debug|Any CPU
		{7A6060C5-BE9E-4013-9DAD-A8139046DBE8}.Debug|x86.Build.0 = Debug|Any CPU
		{7A6060C5-BE9E-4013-9DAD-A8139046DBE8}.Release|Any CPU.ActiveCfg = Release|Any CPU
		{7A6060C5-BE9E-4013-9DAD-A8139046DBE8}.Release|Any CPU.Build.0 = Release|Any CPU
		{7A6060C5-BE9E-4013-9DAD-A8139046DBE8}.Release|x64.ActiveCfg = Release|Any CPU
		{7A6060C5-BE9E-4013-9DAD-A8139046DBE8}.Release|x64.Build.0 = Release|Any CPU
		{7A6060C5-BE9E-4013-9DAD-A8139046DBE8}.Release|x86.ActiveCfg = Release|Any CPU
		{7A6060C5-BE9E-4013-9DAD-A8139046DBE8}.Release|x86.Build.0 = Release|Any CPU
		{22371B19-6C38-4510-95B9-A0CFB421B348}.Debug|Any CPU.ActiveCfg = Debug|Any CPU
		{22371B19-6C38-4510-95B9-A0CFB421B348}.Debug|Any CPU.Build.0 = Debug|Any CPU
		{22371B19-6C38-4510-95B9-A0CFB421B348}.Debug|x64.ActiveCfg = Debug|Any CPU
		{22371B19-6C38-4510-95B9-A0CFB421B348}.Debug|x64.Build.0 = Debug|Any CPU
		{22371B19-6C38-4510-95B9-A0CFB421B348}.Debug|x86.ActiveCfg = Debug|Any CPU
		{22371B19-6C38-4510-95B9-A0CFB421B348}.Debug|x86.Build.0 = Debug|Any CPU
		{22371B19-6C38-4510-95B9-A0CFB421B348}.Release|Any CPU.ActiveCfg = Release|Any CPU
		{22371B19-6C38-4510-95B9-A0CFB421B348}.Release|Any CPU.Build.0 = Release|Any CPU
		{22371B19-6C38-4510-95B9-A0CFB421B348}.Release|x64.ActiveCfg = Release|Any CPU
		{22371B19-6C38-4510-95B9-A0CFB421B348}.Release|x64.Build.0 = Release|Any CPU
		{22371B19-6C38-4510-95B9-A0CFB421B348}.Release|x86.ActiveCfg = Release|Any CPU
		{22371B19-6C38-4510-95B9-A0CFB421B348}.Release|x86.Build.0 = Release|Any CPU
		{3203E5AC-45AC-4E88-84B7-B1596C82A917}.Debug|Any CPU.ActiveCfg = Debug|Any CPU
		{3203E5AC-45AC-4E88-84B7-B1596C82A917}.Debug|Any CPU.Build.0 = Debug|Any CPU
		{3203E5AC-45AC-4E88-84B7-B1596C82A917}.Debug|x64.ActiveCfg = Debug|Any CPU
		{3203E5AC-45AC-4E88-84B7-B1596C82A917}.Debug|x64.Build.0 = Debug|Any CPU
		{3203E5AC-45AC-4E88-84B7-B1596C82A917}.Debug|x86.ActiveCfg = Debug|Any CPU
		{3203E5AC-45AC-4E88-84B7-B1596C82A917}.Debug|x86.Build.0 = Debug|Any CPU
		{3203E5AC-45AC-4E88-84B7-B1596C82A917}.Release|Any CPU.ActiveCfg = Release|Any CPU
		{3203E5AC-45AC-4E88-84B7-B1596C82A917}.Release|Any CPU.Build.0 = Release|Any CPU
		{3203E5AC-45AC-4E88-84B7-B1596C82A917}.Release|x64.ActiveCfg = Release|Any CPU
		{3203E5AC-45AC-4E88-84B7-B1596C82A917}.Release|x64.Build.0 = Release|Any CPU
		{3203E5AC-45AC-4E88-84B7-B1596C82A917}.Release|x86.ActiveCfg = Release|Any CPU
		{3203E5AC-45AC-4E88-84B7-B1596C82A917}.Release|x86.Build.0 = Release|Any CPU
		{AA70636F-EC9C-409C-A956-977F98EB1364}.Debug|Any CPU.ActiveCfg = Debug|Any CPU
		{AA70636F-EC9C-409C-A956-977F98EB1364}.Debug|Any CPU.Build.0 = Debug|Any CPU
		{AA70636F-EC9C-409C-A956-977F98EB1364}.Debug|x64.ActiveCfg = Debug|Any CPU
		{AA70636F-EC9C-409C-A956-977F98EB1364}.Debug|x64.Build.0 = Debug|Any CPU
		{AA70636F-EC9C-409C-A956-977F98EB1364}.Debug|x86.ActiveCfg = Debug|Any CPU
		{AA70636F-EC9C-409C-A956-977F98EB1364}.Debug|x86.Build.0 = Debug|Any CPU
		{AA70636F-EC9C-409C-A956-977F98EB1364}.Release|Any CPU.ActiveCfg = Release|Any CPU
		{AA70636F-EC9C-409C-A956-977F98EB1364}.Release|Any CPU.Build.0 = Release|Any CPU
		{AA70636F-EC9C-409C-A956-977F98EB1364}.Release|x64.ActiveCfg = Release|Any CPU
		{AA70636F-EC9C-409C-A956-977F98EB1364}.Release|x64.Build.0 = Release|Any CPU
		{AA70636F-EC9C-409C-A956-977F98EB1364}.Release|x86.ActiveCfg = Release|Any CPU
		{AA70636F-EC9C-409C-A956-977F98EB1364}.Release|x86.Build.0 = Release|Any CPU
		{7B043B49-A25D-43CF-9B38-178780258A8A}.Debug|Any CPU.ActiveCfg = Debug|Any CPU
		{7B043B49-A25D-43CF-9B38-178780258A8A}.Debug|Any CPU.Build.0 = Debug|Any CPU
		{7B043B49-A25D-43CF-9B38-178780258A8A}.Debug|x64.ActiveCfg = Debug|Any CPU
		{7B043B49-A25D-43CF-9B38-178780258A8A}.Debug|x64.Build.0 = Debug|Any CPU
		{7B043B49-A25D-43CF-9B38-178780258A8A}.Debug|x86.ActiveCfg = Debug|Any CPU
		{7B043B49-A25D-43CF-9B38-178780258A8A}.Debug|x86.Build.0 = Debug|Any CPU
		{7B043B49-A25D-43CF-9B38-178780258A8A}.Release|Any CPU.ActiveCfg = Release|Any CPU
		{7B043B49-A25D-43CF-9B38-178780258A8A}.Release|Any CPU.Build.0 = Release|Any CPU
		{7B043B49-A25D-43CF-9B38-178780258A8A}.Release|x64.ActiveCfg = Release|Any CPU
		{7B043B49-A25D-43CF-9B38-178780258A8A}.Release|x64.Build.0 = Release|Any CPU
		{7B043B49-A25D-43CF-9B38-178780258A8A}.Release|x86.ActiveCfg = Release|Any CPU
		{7B043B49-A25D-43CF-9B38-178780258A8A}.Release|x86.Build.0 = Release|Any CPU
		{F1700546-6CB2-4623-AA82-5C4A369CFD00}.Debug|Any CPU.ActiveCfg = Debug|Any CPU
		{F1700546-6CB2-4623-AA82-5C4A369CFD00}.Debug|Any CPU.Build.0 = Debug|Any CPU
		{F1700546-6CB2-4623-AA82-5C4A369CFD00}.Debug|x64.ActiveCfg = Debug|Any CPU
		{F1700546-6CB2-4623-AA82-5C4A369CFD00}.Debug|x64.Build.0 = Debug|Any CPU
		{F1700546-6CB2-4623-AA82-5C4A369CFD00}.Debug|x86.ActiveCfg = Debug|Any CPU
		{F1700546-6CB2-4623-AA82-5C4A369CFD00}.Debug|x86.Build.0 = Debug|Any CPU
		{F1700546-6CB2-4623-AA82-5C4A369CFD00}.Release|Any CPU.ActiveCfg = Release|Any CPU
		{F1700546-6CB2-4623-AA82-5C4A369CFD00}.Release|Any CPU.Build.0 = Release|Any CPU
		{F1700546-6CB2-4623-AA82-5C4A369CFD00}.Release|x64.ActiveCfg = Release|Any CPU
		{F1700546-6CB2-4623-AA82-5C4A369CFD00}.Release|x64.Build.0 = Release|Any CPU
		{F1700546-6CB2-4623-AA82-5C4A369CFD00}.Release|x86.ActiveCfg = Release|Any CPU
		{F1700546-6CB2-4623-AA82-5C4A369CFD00}.Release|x86.Build.0 = Release|Any CPU
		{3DD47728-546B-4CFD-9290-7877F404394B}.Debug|Any CPU.ActiveCfg = Debug|Any CPU
		{3DD47728-546B-4CFD-9290-7877F404394B}.Debug|Any CPU.Build.0 = Debug|Any CPU
		{3DD47728-546B-4CFD-9290-7877F404394B}.Debug|x64.ActiveCfg = Debug|Any CPU
		{3DD47728-546B-4CFD-9290-7877F404394B}.Debug|x64.Build.0 = Debug|Any CPU
		{3DD47728-546B-4CFD-9290-7877F404394B}.Debug|x86.ActiveCfg = Debug|Any CPU
		{3DD47728-546B-4CFD-9290-7877F404394B}.Debug|x86.Build.0 = Debug|Any CPU
		{3DD47728-546B-4CFD-9290-7877F404394B}.Release|Any CPU.ActiveCfg = Release|Any CPU
		{3DD47728-546B-4CFD-9290-7877F404394B}.Release|Any CPU.Build.0 = Release|Any CPU
		{3DD47728-546B-4CFD-9290-7877F404394B}.Release|x64.ActiveCfg = Release|Any CPU
		{3DD47728-546B-4CFD-9290-7877F404394B}.Release|x64.Build.0 = Release|Any CPU
		{3DD47728-546B-4CFD-9290-7877F404394B}.Release|x86.ActiveCfg = Release|Any CPU
		{3DD47728-546B-4CFD-9290-7877F404394B}.Release|x86.Build.0 = Release|Any CPU
		{40F3567C-0BB7-4DF0-A80A-E6CF8431D624}.Debug|Any CPU.ActiveCfg = Debug|Any CPU
		{40F3567C-0BB7-4DF0-A80A-E6CF8431D624}.Debug|Any CPU.Build.0 = Debug|Any CPU
		{40F3567C-0BB7-4DF0-A80A-E6CF8431D624}.Debug|x64.ActiveCfg = Debug|Any CPU
		{40F3567C-0BB7-4DF0-A80A-E6CF8431D624}.Debug|x64.Build.0 = Debug|Any CPU
		{40F3567C-0BB7-4DF0-A80A-E6CF8431D624}.Debug|x86.ActiveCfg = Debug|Any CPU
		{40F3567C-0BB7-4DF0-A80A-E6CF8431D624}.Debug|x86.Build.0 = Debug|Any CPU
		{40F3567C-0BB7-4DF0-A80A-E6CF8431D624}.Release|Any CPU.ActiveCfg = Release|Any CPU
		{40F3567C-0BB7-4DF0-A80A-E6CF8431D624}.Release|Any CPU.Build.0 = Release|Any CPU
		{40F3567C-0BB7-4DF0-A80A-E6CF8431D624}.Release|x64.ActiveCfg = Release|Any CPU
		{40F3567C-0BB7-4DF0-A80A-E6CF8431D624}.Release|x64.Build.0 = Release|Any CPU
		{40F3567C-0BB7-4DF0-A80A-E6CF8431D624}.Release|x86.ActiveCfg = Release|Any CPU
		{40F3567C-0BB7-4DF0-A80A-E6CF8431D624}.Release|x86.Build.0 = Release|Any CPU
	EndGlobalSection
	GlobalSection(SolutionProperties) = preSolution
		HideSolutionNode = FALSE
	EndGlobalSection
	GlobalSection(NestedProjects) = preSolution
		{8BEC45F6-4F23-4994-9959-50C1DB93ABC3} = {8EA5EBF0-41C6-11EA-890A-ED68CBADDC1F}
		{F95F1469-74AD-49EF-8A13-7A82973EEBF4} = {8BEC45F6-4F23-4994-9959-50C1DB93ABC3}
		{A4D355D4-BD24-4B9A-BAAA-D5FDB7FE07E9} = {8BEC45F6-4F23-4994-9959-50C1DB93ABC3}
		{033AF490-0799-415F-9E4B-21AAB979097F} = {8BEC45F6-4F23-4994-9959-50C1DB93ABC3}
		{5E638520-41E8-11EA-885A-BDD3BB7B4F92} = {8EA5EBF0-41C6-11EA-890A-ED68CBADDC1F}
		{8437F95F-4BD9-4192-B001-92062DAD5838} = {5E638520-41E8-11EA-885A-BDD3BB7B4F92}
		{7A6060C5-BE9E-4013-9DAD-A8139046DBE8} = {5E638520-41E8-11EA-885A-BDD3BB7B4F92}
		{22371B19-6C38-4510-95B9-A0CFB421B348} = {8EA5EBF0-41C6-11EA-890A-ED68CBADDC1F}
		{F0F2F6E0-792F-11EA-A2A9-59BF4ACC057A} = {8EA5EBF0-41C6-11EA-890A-ED68CBADDC1F}
		{3203E5AC-45AC-4E88-84B7-B1596C82A917} = {F0F2F6E0-792F-11EA-A2A9-59BF4ACC057A}
		{8F9F4565-2F22-4640-A56D-698C87D80974} = {8EA5EBF0-41C6-11EA-890A-ED68CBADDC1F}
		{AA70636F-EC9C-409C-A956-977F98EB1364} = {8BEC45F6-4F23-4994-9959-50C1DB93ABC3}
		{7B043B49-A25D-43CF-9B38-178780258A8A} = {8BEC45F6-4F23-4994-9959-50C1DB93ABC3}
		{F1700546-6CB2-4623-AA82-5C4A369CFD00} = {8BEC45F6-4F23-4994-9959-50C1DB93ABC3}
		{3DD47728-546B-4CFD-9290-7877F404394B} = {F0F2F6E0-792F-11EA-A2A9-59BF4ACC057A}
		{40F3567C-0BB7-4DF0-A80A-E6CF8431D624} = {8BEC45F6-4F23-4994-9959-50C1DB93ABC3}
	EndGlobalSection
	GlobalSection(ExtensibilityGlobals) = postSolution
		SolutionGuid = {8FF197F3-C3E2-4D83-80AC-D59BE36DD4AF}
	EndGlobalSection
EndGlobal
