
Microsoft Visual Studio Solution File, Format Version 12.00
# Visual Studio Version 16
VisualStudioVersion = 16.0.29324.140
MinimumVisualStudioVersion = 10.0.40219.1
Project("{9A18103F-16F7-4668-BE54-9A1E7B4F7556}") = "StatCan.Template.Cms.Web", "src\StatCan.Template.Cms.Web\StatCan.Template.Cms.Web.csproj", "{4EAEB424-E0A2-485A-914B-9529008E6AAA}"
EndProject
Project("{2150E333-8FDC-42A3-9474-1A3956D46DE8}") = "Themes", "Themes", "{A2CEBE77-E664-4836-939B-1DF8EAC03997}"
	ProjectSection(SolutionItems) = preProject
		src\Themes\Directory.Build.props = src\Themes\Directory.Build.props
		src\Themes\Directory.Build.targets = src\Themes\Directory.Build.targets
		src\Themes\README.md = src\Themes\README.md
	EndProjectSection
EndProject
Project("{2150E333-8FDC-42A3-9474-1A3956D46DE8}") = "Modules", "Modules", "{AF36DFC0-62EB-4CB2-9A16-65F701493A99}"
	ProjectSection(SolutionItems) = preProject
		src\Modules\Directory.Build.props = src\Modules\Directory.Build.props
		src\Modules\Directory.Build.targets = src\Modules\Directory.Build.targets
		src\Modules\README.md = src\Modules\README.md
	EndProjectSection
EndProject
Project("{2150E333-8FDC-42A3-9474-1A3956D46DE8}") = "Lib", "Lib", "{3F356EFD-E2BB-437F-896D-C3FD69E0B670}"
	ProjectSection(SolutionItems) = preProject
		src\Lib\Directory.Build.props = src\Lib\Directory.Build.props
		src\Lib\Directory.Build.targets = src\Lib\Directory.Build.targets
		src\Lib\Readme.md = src\Lib\Readme.md
	EndProjectSection
EndProject
Project("{2150E333-8FDC-42A3-9474-1A3956D46DE8}") = "Build", "Build", "{8FBECC59-61C5-4B6A-B14D-83928CB7423E}"
	ProjectSection(SolutionItems) = preProject
		src\Build\Dependencies.props = src\Build\Dependencies.props
		src\Build\StatCan.Template.Commons.props = src\Build\StatCan.Template.Commons.props
		src\Build\StatCan.Template.Commons.targets = src\Build\StatCan.Template.Commons.targets
	EndProjectSection
EndProject
Global
	GlobalSection(SolutionConfigurationPlatforms) = preSolution
		Debug|Any CPU = Debug|Any CPU
		Release|Any CPU = Release|Any CPU
	EndGlobalSection
	GlobalSection(ProjectConfigurationPlatforms) = postSolution
		{4EAEB424-E0A2-485A-914B-9529008E6AAA}.Debug|Any CPU.ActiveCfg = Debug|Any CPU
		{4EAEB124-E0A2-495A-914B-9529008E6AAA}.Debug|Any CPU.Build.0 = Debug|Any CPU
		{4EAEB124-E0A2-495A-914B-9529008E6AAA}.Release|Any CPU.ActiveCfg = Release|Any CPU
		{4EAEB124-E0A2-495A-914B-9529008E6AAA}.Release|Any CPU.Build.0 = Release|Any CPU
	EndGlobalSection
	GlobalSection(SolutionProperties) = preSolution
		HideSolutionNode = FALSE
	EndGlobalSection
	GlobalSection(ExtensibilityGlobals) = postSolution
		SolutionGuid = {D77BCA7C-DEED-4924-8394-21E21A1F50C8}
	EndGlobalSection
EndGlobal
