{
  "name": "bootstrap-theme",
  "version": "1.0.0",
  "lockfileVersion": 2,
  "requires": true,
  "packages": {
    "": {
      "name": "bootstrap-theme",
      "version": "1.0.0",
      "license": "MIT",
      "devDependencies": {
        "@fortawesome/fontawesome-free": "5.15.3",
        "@mdi/font": "5.9.55",
        "bootstrap": "4.6.0",
        "details-element-polyfill": "^2.4.0",
        "jquery": "3.6.0",
        "popper.js": "1.16.1"
      }
    },
    "node_modules/@fortawesome/fontawesome-free": {
      "version": "5.15.3",
      "resolved": "https://registry.npmjs.org/@fortawesome/fontawesome-free/-/fontawesome-free-5.15.3.tgz",
      "integrity": "sha512-rFnSUN/QOtnOAgqFRooTA3H57JLDm0QEG/jPdk+tLQNL/eWd+Aok8g3qCI+Q1xuDPWpGW/i9JySpJVsq8Q0s9w==",
      "dev": true,
      "engines": {
        "node": ">=6"
      }
    },
    "node_modules/@mdi/font": {
      "version": "5.9.55",
      "resolved": "https://registry.npmjs.org/@mdi/font/-/font-5.9.55.tgz",
      "integrity": "sha512-jswRF6q3eq8NWpWiqct6q+6Fg/I7nUhrxYJfiEM8JJpap0wVJLQdbKtyS65GdlK7S7Ytnx3TTi/bmw+tBhkGmg==",
      "dev": true
    },
    "node_modules/bootstrap": {
      "version": "4.6.0",
      "resolved": "https://registry.npmjs.org/bootstrap/-/bootstrap-4.6.0.tgz",
      "integrity": "sha512-Io55IuQY3kydzHtbGvQya3H+KorS/M9rSNyfCGCg9WZ4pyT/lCxIlpJgG1GXW/PswzC84Tr2fBYi+7+jFVQQBw==",
      "dev": true
    },
    "node_modules/details-element-polyfill": {
      "version": "2.4.0",
      "resolved": "https://registry.npmjs.org/details-element-polyfill/-/details-element-polyfill-2.4.0.tgz",
      "integrity": "sha512-jnZ/m0+b1gz3EcooitqL7oDEkKHEro659dt8bWB/T/HjiILucoQhHvvi5MEOAIFJXxxO+rIYJ/t3qCgfUOSU5g==",
      "dev": true
    },
    "node_modules/jquery": {
      "version": "3.6.0",
      "resolved": "https://registry.npmjs.org/jquery/-/jquery-3.6.0.tgz",
      "integrity": "sha512-JVzAR/AjBvVt2BmYhxRCSYysDsPcssdmTFnzyLEts9qNwmjmu4JTAMYubEfwVOSwpQ1I1sKKFcxhZCI2buerfw==",
      "dev": true
    },
    "node_modules/popper.js": {
      "version": "1.16.1",
      "resolved": "https://registry.npmjs.org/popper.js/-/popper.js-1.16.1.tgz",
      "integrity": "sha512-Wb4p1J4zyFTbM+u6WuO4XstYx4Ky9Cewe4DWrel7B0w6VVICvPwdOpotjzcf6eD8TsckVnIMNONQyPIUFOUbCQ==",
      "dev": true
    }
  },
  "dependencies": {
    "@fortawesome/fontawesome-free": {
      "version": "5.15.3",
      "resolved": "https://registry.npmjs.org/@fortawesome/fontawesome-free/-/fontawesome-free-5.15.3.tgz",
      "integrity": "sha512-rFnSUN/QOtnOAgqFRooTA3H57JLDm0QEG/jPdk+tLQNL/eWd+Aok8g3qCI+Q1xuDPWpGW/i9JySpJVsq8Q0s9w==",
      "dev": true
    },
    "@mdi/font": {
      "version": "5.9.55",
      "resolved": "https://registry.npmjs.org/@mdi/font/-/font-5.9.55.tgz",
      "integrity": "sha512-jswRF6q3eq8NWpWiqct6q+6Fg/I7nUhrxYJfiEM8JJpap0wVJLQdbKtyS65GdlK7S7Ytnx3TTi/bmw+tBhkGmg==",
      "dev": true
    },
    "bootstrap": {
      "version": "4.6.0",
      "resolved": "https://registry.npmjs.org/bootstrap/-/bootstrap-4.6.0.tgz",
      "integrity": "sha512-Io55IuQY3kydzHtbGvQya3H+KorS/M9rSNyfCGCg9WZ4pyT/lCxIlpJgG1GXW/PswzC84Tr2fBYi+7+jFVQQBw==",
      "dev": true
    },
    "details-element-polyfill": {
      "version": "2.4.0",
      "resolved": "https://registry.npmjs.org/details-element-polyfill/-/details-element-polyfill-2.4.0.tgz",
      "integrity": "sha512-jnZ/m0+b1gz3EcooitqL7oDEkKHEro659dt8bWB/T/HjiILucoQhHvvi5MEOAIFJXxxO+rIYJ/t3qCgfUOSU5g==",
      "dev": true
    },
    "jquery": {
      "version": "3.6.0",
      "resolved": "https://registry.npmjs.org/jquery/-/jquery-3.6.0.tgz",
      "integrity": "sha512-JVzAR/AjBvVt2BmYhxRCSYysDsPcssdmTFnzyLEts9qNwmjmu4JTAMYubEfwVOSwpQ1I1sKKFcxhZCI2buerfw==",
      "dev": true
    },
    "popper.js": {
      "version": "1.16.1",
      "resolved": "https://registry.npmjs.org/popper.js/-/popper.js-1.16.1.tgz",
      "integrity": "sha512-Wb4p1J4zyFTbM+u6WuO4XstYx4Ky9Cewe4DWrel7B0w6VVICvPwdOpotjzcf6eD8TsckVnIMNONQyPIUFOUbCQ==",
      "dev": true
    }
  }
}
