{
  "name": "vuetify-theme",
  "version": "0.1.0",
  "lockfileVersion": 2,
  "requires": true,
  "packages": {
    "": {
      "name": "vuetify-theme",
      "version": "0.1.0",
      "dependencies": {
        "vue": "^2.6.12",
        "vuetify": "^2.5.0"
      }
    },
    "node_modules/vue": {
      "version": "2.6.12",
      "resolved": "https://registry.npmjs.org/vue/-/vue-2.6.12.tgz",
      "integrity": "sha512-uhmLFETqPPNyuLLbsKz6ioJ4q7AZHzD8ZVFNATNyICSZouqP2Sz0rotWQC8UNBF6VGSCs5abnKJoStA6JbCbfg=="
    },
    "node_modules/vuetify": {
      "version": "2.5.0",
      "resolved": "https://registry.npmjs.org/vuetify/-/vuetify-2.5.0.tgz",
      "integrity": "sha512-Lpnwm64xYVEXb5BXdadSRaH0QHjXLFhPPjuVU9VuqWp3Nzr+WP5vA9nMPkJAfUj8vKIJGTRXqyGTGVa4VwrO3A==",
      "funding": {
        "type": "github",
        "url": "https://github.com/sponsors/johnleider"
      },
      "peerDependencies": {
        "vue": "^2.6.4"
      }
    }
  },
  "dependencies": {
    "vue": {
      "version": "2.6.12",
      "resolved": "https://registry.npmjs.org/vue/-/vue-2.6.12.tgz",
      "integrity": "sha512-uhmLFETqPPNyuLLbsKz6ioJ4q7AZHzD8ZVFNATNyICSZouqP2Sz0rotWQC8UNBF6VGSCs5abnKJoStA6JbCbfg=="
    },
    "vuetify": {
      "version": "2.5.0",
      "resolved": "https://registry.npmjs.org/vuetify/-/vuetify-2.5.0.tgz",
      "integrity": "sha512-Lpnwm64xYVEXb5BXdadSRaH0QHjXLFhPPjuVU9VuqWp3Nzr+WP5vA9nMPkJAfUj8vKIJGTRXqyGTGVa4VwrO3A==",
      "requires": {}
    }
  }
}
