{
  "name": "vuetify-theme",
  "version": "0.1.0",
  "lockfileVersion": 2,
  "requires": true,
  "packages": {
    "": {
      "name": "vuetify-theme",
      "version": "0.1.0",
      "dependencies": {
        "@fontsource/roboto": "^4.4.5",
        "@mdi/font": "^5.9.55",
        "@primer/css": "^17.3.0",
        "minify-css-string": "^1.0.0",
        "outdated-browser-rework": "^3.0.1",
        "vue": "^2.6.14",
        "vuetify": "^2.5.5"
      }
    },
    "node_modules/@fontsource/roboto": {
      "version": "4.4.5",
      "resolved": "https://registry.npmjs.org/@fontsource/roboto/-/roboto-4.4.5.tgz",
      "integrity": "sha512-e3s7BF8MDBLpkA2r6lnl5PMnllF0McVvpolK9h2zzvVJw2WPexP1GTgMKHISlglYZRij2lKg/ZjQcIUUYDsAXg=="
    },
    "node_modules/@mdi/font": {
      "version": "5.9.55",
      "resolved": "https://registry.npmjs.org/@mdi/font/-/font-5.9.55.tgz",
      "integrity": "sha512-jswRF6q3eq8NWpWiqct6q+6Fg/I7nUhrxYJfiEM8JJpap0wVJLQdbKtyS65GdlK7S7Ytnx3TTi/bmw+tBhkGmg=="
    },
    "node_modules/@primer/css": {
      "version": "17.3.0",
      "resolved": "https://registry.npmjs.org/@primer/css/-/css-17.3.0.tgz",
      "integrity": "sha512-fKxMh6CixHxRI/0zQmEkQ2eP0960TeIsHsc2oKFvGVDwaIi7Dm1BOC10lrC9aEMxsvRG3rfCW2HXgsaua+iGKA==",
      "dependencies": {
        "@primer/primitives": "^4.3.5"
      }
    },
    "node_modules/@primer/primitives": {
      "version": "4.5.1",
      "resolved": "https://registry.npmjs.org/@primer/primitives/-/primitives-4.5.1.tgz",
      "integrity": "sha512-dA5EKORl1fqOa5+cDKYXTPLTNK0BuHS6NPHh1b11H4ngSd6cbuXzzVkUCJ1ooTDR6UbOrpeXMdlUbA9EcwwFVA=="
    },
    "node_modules/minify-css-string": {
      "version": "1.0.0",
      "resolved": "https://registry.npmjs.org/minify-css-string/-/minify-css-string-1.0.0.tgz",
      "integrity": "sha1-IBvZSSceGfbgrwodwMzFg95HxjA="
    },
    "node_modules/outdated-browser-rework": {
      "version": "3.0.1",
      "resolved": "https://registry.npmjs.org/outdated-browser-rework/-/outdated-browser-rework-3.0.1.tgz",
      "integrity": "sha512-IihV162fBItDBfRI8yNq/+I8qkuKofV8m8s0YCP8ZXaeTjPPBXO6QsbPLckwBUoqe4ZNIHfgj0PaNBHVYKxeaw==",
      "dependencies": {
        "ua-parser-js": "^0.7.22"
      }
    },
    "node_modules/ua-parser-js": {
      "version": "0.7.28",
      "resolved": "https://registry.npmjs.org/ua-parser-js/-/ua-parser-js-0.7.28.tgz",
      "integrity": "sha512-6Gurc1n//gjp9eQNXjD9O3M/sMwVtN5S8Lv9bvOYBfKfDNiIIhqiyi01vMBO45u4zkDE420w/e0se7Vs+sIg+g==",
      "funding": [
        {
          "type": "opencollective",
          "url": "https://opencollective.com/ua-parser-js"
        },
        {
          "type": "paypal",
          "url": "https://paypal.me/faisalman"
        }
      ],
      "engines": {
        "node": "*"
      }
    },
    "node_modules/vue": {
      "version": "2.6.14",
      "resolved": "https://registry.npmjs.org/vue/-/vue-2.6.14.tgz",
      "integrity": "sha512-x2284lgYvjOMj3Za7kqzRcUSxBboHqtgRE2zlos1qWaOye5yUmHn42LB1250NJBLRwEcdrB0JRwyPTEPhfQjiQ=="
    },
    "node_modules/vuetify": {
      "version": "2.5.5",
      "resolved": "https://registry.npmjs.org/vuetify/-/vuetify-2.5.5.tgz",
      "integrity": "sha512-WsW+WaueqjgCvx0rB3m/pd8MZiLJKBWGwLxMMGhoA7i1OBWCzNwAAVOjoaW1Fcz0Sbn5qHOUOYnz4Vqlu43AbA==",
      "funding": {
        "type": "github",
        "url": "https://github.com/sponsors/johnleider"
      },
      "peerDependencies": {
        "vue": "^2.6.4"
      }
    }
  },
  "dependencies": {
    "@fontsource/roboto": {
      "version": "4.4.5",
      "resolved": "https://registry.npmjs.org/@fontsource/roboto/-/roboto-4.4.5.tgz",
      "integrity": "sha512-e3s7BF8MDBLpkA2r6lnl5PMnllF0McVvpolK9h2zzvVJw2WPexP1GTgMKHISlglYZRij2lKg/ZjQcIUUYDsAXg=="
    },
    "@mdi/font": {
      "version": "5.9.55",
      "resolved": "https://registry.npmjs.org/@mdi/font/-/font-5.9.55.tgz",
      "integrity": "sha512-jswRF6q3eq8NWpWiqct6q+6Fg/I7nUhrxYJfiEM8JJpap0wVJLQdbKtyS65GdlK7S7Ytnx3TTi/bmw+tBhkGmg=="
    },
    "@primer/css": {
      "version": "17.3.0",
      "resolved": "https://registry.npmjs.org/@primer/css/-/css-17.3.0.tgz",
      "integrity": "sha512-fKxMh6CixHxRI/0zQmEkQ2eP0960TeIsHsc2oKFvGVDwaIi7Dm1BOC10lrC9aEMxsvRG3rfCW2HXgsaua+iGKA==",
      "requires": {
        "@primer/primitives": "^4.3.5"
      }
    },
    "@primer/primitives": {
      "version": "4.5.1",
      "resolved": "https://registry.npmjs.org/@primer/primitives/-/primitives-4.5.1.tgz",
      "integrity": "sha512-dA5EKORl1fqOa5+cDKYXTPLTNK0BuHS6NPHh1b11H4ngSd6cbuXzzVkUCJ1ooTDR6UbOrpeXMdlUbA9EcwwFVA=="
    },
    "minify-css-string": {
      "version": "1.0.0",
      "resolved": "https://registry.npmjs.org/minify-css-string/-/minify-css-string-1.0.0.tgz",
      "integrity": "sha1-IBvZSSceGfbgrwodwMzFg95HxjA="
    },
    "outdated-browser-rework": {
      "version": "3.0.1",
      "resolved": "https://registry.npmjs.org/outdated-browser-rework/-/outdated-browser-rework-3.0.1.tgz",
      "integrity": "sha512-IihV162fBItDBfRI8yNq/+I8qkuKofV8m8s0YCP8ZXaeTjPPBXO6QsbPLckwBUoqe4ZNIHfgj0PaNBHVYKxeaw==",
      "requires": {
        "ua-parser-js": "^0.7.22"
      }
    },
    "ua-parser-js": {
      "version": "0.7.28",
      "resolved": "https://registry.npmjs.org/ua-parser-js/-/ua-parser-js-0.7.28.tgz",
      "integrity": "sha512-6Gurc1n//gjp9eQNXjD9O3M/sMwVtN5S8Lv9bvOYBfKfDNiIIhqiyi01vMBO45u4zkDE420w/e0se7Vs+sIg+g=="
    },
    "vue": {
      "version": "2.6.14",
      "resolved": "https://registry.npmjs.org/vue/-/vue-2.6.14.tgz",
      "integrity": "sha512-x2284lgYvjOMj3Za7kqzRcUSxBboHqtgRE2zlos1qWaOye5yUmHn42LB1250NJBLRwEcdrB0JRwyPTEPhfQjiQ=="
    },
    "vuetify": {
      "version": "2.5.5",
      "resolved": "https://registry.npmjs.org/vuetify/-/vuetify-2.5.5.tgz",
      "integrity": "sha512-WsW+WaueqjgCvx0rB3m/pd8MZiLJKBWGwLxMMGhoA7i1OBWCzNwAAVOjoaW1Fcz0Sbn5qHOUOYnz4Vqlu43AbA==",
      "requires": {}
    }
  }
}
