{
  "name": "vue-forms",
  "version": "1.0.0",
  "lockfileVersion": 2,
  "requires": true,
  "packages": {
    "": {
      "name": "vue-forms",
      "version": "1.0.0",
      "license": "ISC",
      "dependencies": {
        "survey-vue": "^1.8.52",
        "vee-validate": "^3.4.5",
        "vue": "^2.6.12",
        "vuetify": "^2.5.0"
      }
    },
    "node_modules/survey-vue": {
      "version": "1.8.52",
      "resolved": "https://registry.npmjs.org/survey-vue/-/survey-vue-1.8.52.tgz",
      "integrity": "sha512-FKhE87khWSwOvsWBitPcC+jg08hD9F419+k+cgPLzX45G1OEg3HaAJ8az1VnCjngAzK07O55CHUDNT8hMSIPKg==",
      "dependencies": {
        "vue": "^2.1.10"
      }
    },
    "node_modules/vee-validate": {
      "version": "3.4.5",
      "resolved": "https://registry.npmjs.org/vee-validate/-/vee-validate-3.4.5.tgz",
      "integrity": "sha512-ZEcLqOAZzSkMhDvPcTx0xcwVOijFnMW9J+BA20j+rDmo24T8RCCqVQyRwwrDrcWJZV2dRYl/yYNa2GB6UCoBvg=="
    },
    "node_modules/vue": {
      "version": "2.6.12",
      "resolved": "https://registry.npmjs.org/vue/-/vue-2.6.12.tgz",
      "integrity": "sha512-uhmLFETqPPNyuLLbsKz6ioJ4q7AZHzD8ZVFNATNyICSZouqP2Sz0rotWQC8UNBF6VGSCs5abnKJoStA6JbCbfg=="
    },
    "node_modules/vuetify": {
      "version": "2.5.0",
      "resolved": "https://registry.npmjs.org/vuetify/-/vuetify-2.5.0.tgz",
      "integrity": "sha512-Lpnwm64xYVEXb5BXdadSRaH0QHjXLFhPPjuVU9VuqWp3Nzr+WP5vA9nMPkJAfUj8vKIJGTRXqyGTGVa4VwrO3A==",
      "funding": {
        "type": "github",
        "url": "https://github.com/sponsors/johnleider"
      },
      "peerDependencies": {
        "vue": "^2.6.4"
      }
    }
  },
  "dependencies": {
    "survey-vue": {
      "version": "1.8.52",
      "resolved": "https://registry.npmjs.org/survey-vue/-/survey-vue-1.8.52.tgz",
      "integrity": "sha512-FKhE87khWSwOvsWBitPcC+jg08hD9F419+k+cgPLzX45G1OEg3HaAJ8az1VnCjngAzK07O55CHUDNT8hMSIPKg==",
      "requires": {
        "vue": "^2.1.10"
      }
    },
    "vee-validate": {
      "version": "3.4.5",
      "resolved": "https://registry.npmjs.org/vee-validate/-/vee-validate-3.4.5.tgz",
      "integrity": "sha512-ZEcLqOAZzSkMhDvPcTx0xcwVOijFnMW9J+BA20j+rDmo24T8RCCqVQyRwwrDrcWJZV2dRYl/yYNa2GB6UCoBvg=="
    },
    "vue": {
      "version": "2.6.12",
      "resolved": "https://registry.npmjs.org/vue/-/vue-2.6.12.tgz",
      "integrity": "sha512-uhmLFETqPPNyuLLbsKz6ioJ4q7AZHzD8ZVFNATNyICSZouqP2Sz0rotWQC8UNBF6VGSCs5abnKJoStA6JbCbfg=="
    },
    "vuetify": {
      "version": "2.5.0",
      "resolved": "https://registry.npmjs.org/vuetify/-/vuetify-2.5.0.tgz",
      "integrity": "sha512-Lpnwm64xYVEXb5BXdadSRaH0QHjXLFhPPjuVU9VuqWp3Nzr+WP5vA9nMPkJAfUj8vKIJGTRXqyGTGVa4VwrO3A==",
      "requires": {}
    }
  }
}
