{
  "name": "vue-forms",
  "version": "1.0.0",
  "lockfileVersion": 1,
  "requires": true,
  "dependencies": {
    "vee-validate": {
      "version": "3.4.4",
      "resolved": "https://registry.npmjs.org/vee-validate/-/vee-validate-3.4.4.tgz",
      "integrity": "sha512-0ExVhuT/oz9yFdeW3xzxqNbcBKyhtHGwA2keLRogN1CqEvhK4GDfgSfRg5K2o8BapEVqZQQxWWKjvq0XPDbfrg=="
    },
    "vue": {
      "version": "2.6.12",
      "resolved": "https://registry.npmjs.org/vue/-/vue-2.6.12.tgz",
      "integrity": "sha512-uhmLFETqPPNyuLLbsKz6ioJ4q7AZHzD8ZVFNATNyICSZouqP2Sz0rotWQC8UNBF6VGSCs5abnKJoStA6JbCbfg=="
    },
    "vuetify": {
      "version": "2.3.16",
      "resolved": "https://registry.npmjs.org/vuetify/-/vuetify-2.3.16.tgz",
      "integrity": "sha512-LHPqY+Gmyb/75xJscO0a3CuB4ZdpqHLNaGMAbmfTyapI8Q02+hjABEZzitFU/XObD2KhrNWPJzmGZPhbshGUzg=="
    }
  }
}
