{
  "name": "vue-forms",
  "version": "1.0.0",
  "lockfileVersion": 1,
  "requires": true,
  "dependencies": {
    "vee-validate": {
      "version": "3.3.11",
      "resolved": "https://registry.npmjs.org/vee-validate/-/vee-validate-3.3.11.tgz",
      "integrity": "sha512-+/M2g0VYwBDX8o7PkW/CRUxDkyudo9C/8S/Q7EoGV1duIrK2Q9W08BFcbDkkNnSAVVfknPOWkFGHeAGOgfOxCw=="
    },
    "vue": {
      "version": "2.6.12",
      "resolved": "https://registry.npmjs.org/vue/-/vue-2.6.12.tgz",
      "integrity": "sha512-uhmLFETqPPNyuLLbsKz6ioJ4q7AZHzD8ZVFNATNyICSZouqP2Sz0rotWQC8UNBF6VGSCs5abnKJoStA6JbCbfg=="
    },
    "vuetify": {
      "version": "2.3.10",
      "resolved": "https://registry.npmjs.org/vuetify/-/vuetify-2.3.10.tgz",
      "integrity": "sha512-KzL/MhZ7ajubm9kwbdCoA/cRV50RX+a5Hcqiwt7Am1Fni2crDtl2no05UNwKroTfscrYYf07gq3WIFSurPsnCA=="
    }
  }
}
